{
  "name": "join-classes",
  "version": "1.0.0",
  "lockfileVersion": 2,
  "requires": true,
  "packages": {
    "": {
      "name": "join-classes",
      "version": "1.0.0",
      "license": "UNLICENSED",
      "dependencies": {
        "fs": "^0.0.1-security",
        "retext": "^8.1.0",
        "unist-util-is": "^5.1.1",
        "unist-util-visit": "^4.0.0",
        "vfile-reporter": "^7.0.2"
      }
    },
    "node_modules/@types/nlcst": {
      "version": "1.0.0",
      "resolved": "https://registry.npmjs.org/@types/nlcst/-/nlcst-1.0.0.tgz",
      "integrity": "sha512-3TGCfOcy8R8mMQ4CNSNOe3PG66HttvjcLzCoOpvXvDtfWOTi+uT/rxeOKm/qEwbM4SNe1O/PjdiBK2YcTjU4OQ==",
      "dependencies": {
        "@types/unist": "*"
      }
    },
    "node_modules/@types/supports-color": {
      "version": "8.1.1",
      "resolved": "https://registry.npmjs.org/@types/supports-color/-/supports-color-8.1.1.tgz",
      "integrity": "sha512-dPWnWsf+kzIG140B8z2w3fr5D03TLWbOAFQl45xUpI3vcizeXriNR5VYkWZ+WTMsUHqZ9Xlt3hrxGNANFyNQfw=="
    },
    "node_modules/@types/unist": {
      "version": "2.0.6",
      "resolved": "https://registry.npmjs.org/@types/unist/-/unist-2.0.6.tgz",
      "integrity": "sha512-PBjIUxZHOuj0R15/xuwJYjFi+KZdNFrehocChv4g5hu6aFroHue8m0lBP0POdK2nKzbw0cgV1mws8+V/JAcEkQ=="
    },
    "node_modules/ansi-regex": {
      "version": "6.0.1",
      "resolved": "https://registry.npmjs.org/ansi-regex/-/ansi-regex-6.0.1.tgz",
      "integrity": "sha512-n5M855fKb2SsfMIiFFoVrABHJC8QtHwVx+mHWP3QcEqBHYienj5dHSgjbxtC0WEZXYt4wcD6zrQElDPhFuZgfA==",
      "engines": {
        "node": ">=12"
      },
      "funding": {
        "url": "https://github.com/chalk/ansi-regex?sponsor=1"
      }
    },
    "node_modules/array-iterate": {
      "version": "1.1.4",
      "resolved": "https://registry.npmjs.org/array-iterate/-/array-iterate-1.1.4.tgz",
      "integrity": "sha512-sNRaPGh9nnmdC8Zf+pT3UqP8rnWj5Hf9wiFGsX3wUQ2yVSIhO2ShFwCoceIPpB41QF6i2OEmrHmCo36xronCVA==",
      "funding": {
        "type": "github",
        "url": "https://github.com/sponsors/wooorm"
      }
    },
    "node_modules/bail": {
      "version": "2.0.1",
      "resolved": "https://registry.npmjs.org/bail/-/bail-2.0.1.tgz",
      "integrity": "sha512-d5FoTAr2S5DSUPKl85WNm2yUwsINN8eidIdIwsOge2t33DaOfOdSmmsI11jMN3GmALCXaw+Y6HMVHDzePshFAA==",
      "funding": {
        "type": "github",
        "url": "https://github.com/sponsors/wooorm"
      }
    },
    "node_modules/emoji-regex": {
      "version": "9.2.2",
      "resolved": "https://registry.npmjs.org/emoji-regex/-/emoji-regex-9.2.2.tgz",
      "integrity": "sha512-L18DaJsXSUk2+42pv8mLs5jJT2hqFkFE4j21wOmgbUqsZ2hL72NsUU785g9RXgo3s0ZNgVl42TiHp3ZtOv/Vyg=="
    },
    "node_modules/extend": {
      "version": "3.0.2",
      "resolved": "https://registry.npmjs.org/extend/-/extend-3.0.2.tgz",
      "integrity": "sha512-fjquC59cD7CyW6urNXK0FBufkZcoiGG80wTuPujX590cB5Ttln20E2UB4S/WARVqhXffZl2LNgS+gQdPIIim/g=="
    },
    "node_modules/fs": {
      "version": "0.0.1-security",
      "resolved": "https://registry.npmjs.org/fs/-/fs-0.0.1-security.tgz",
      "integrity": "sha1-invTcYa23d84E/I4WLV+yq9eQdQ="
    },
    "node_modules/has-flag": {
      "version": "5.0.1",
      "resolved": "https://registry.npmjs.org/has-flag/-/has-flag-5.0.1.tgz",
      "integrity": "sha512-CsNUt5x9LUdx6hnk/E2SZLsDyvfqANZSUq4+D3D8RzDJ2M+HDTIkF60ibS1vHaK55vzgiZw1bEPFG9yH7l33wA==",
      "engines": {
        "node": ">=12"
      },
      "funding": {
        "url": "https://github.com/sponsors/sindresorhus"
      }
    },
    "node_modules/is-buffer": {
      "version": "2.0.5",
      "resolved": "https://registry.npmjs.org/is-buffer/-/is-buffer-2.0.5.tgz",
      "integrity": "sha512-i2R6zNFDwgEHJyQUtJEk0XFi1i0dPFn/oqjK3/vPCcDeJvW5NQ83V8QbicfF1SupOaB0h8ntgBC2YiE7dfyctQ==",
      "funding": [
        {
          "type": "github",
          "url": "https://github.com/sponsors/feross"
        },
        {
          "type": "patreon",
          "url": "https://www.patreon.com/feross"
        },
        {
          "type": "consulting",
          "url": "https://feross.org/support"
        }
      ],
      "engines": {
        "node": ">=4"
      }
    },
    "node_modules/is-fullwidth-code-point": {
      "version": "4.0.0",
      "resolved": "https://registry.npmjs.org/is-fullwidth-code-point/-/is-fullwidth-code-point-4.0.0.tgz",
      "integrity": "sha512-O4L094N2/dZ7xqVdrXhh9r1KODPJpFms8B5sGdJLPy664AgvXsreZUyCQQNItZRDlYug4xStLjNp/sz3HvBowQ==",
      "engines": {
        "node": ">=12"
      },
      "funding": {
        "url": "https://github.com/sponsors/sindresorhus"
      }
    },
    "node_modules/is-plain-obj": {
      "version": "4.0.0",
      "resolved": "https://registry.npmjs.org/is-plain-obj/-/is-plain-obj-4.0.0.tgz",
      "integrity": "sha512-NXRbBtUdBioI73y/HmOhogw/U5msYPC9DAtGkJXeFcFWSFZw0mCUsPxk/snTuJHzNKA8kLBK4rH97RMB1BfCXw==",
      "engines": {
        "node": ">=12"
      },
      "funding": {
        "url": "https://github.com/sponsors/sindresorhus"
      }
    },
    "node_modules/nlcst-to-string": {
      "version": "2.0.4",
      "resolved": "https://registry.npmjs.org/nlcst-to-string/-/nlcst-to-string-2.0.4.tgz",
      "integrity": "sha512-3x3jwTd6UPG7vi5k4GEzvxJ5rDA7hVUIRNHPblKuMVP9Z3xmlsd9cgLcpAMkc5uPOBna82EeshROFhsPkbnTZg==",
      "funding": {
        "type": "opencollective",
        "url": "https://opencollective.com/unified"
      }
    },
    "node_modules/parse-latin": {
      "version": "5.0.0",
      "resolved": "https://registry.npmjs.org/parse-latin/-/parse-latin-5.0.0.tgz",
      "integrity": "sha512-Ht+4/+AUySMS5HKGAiQpBmkFsHSoGrj6Y83flLCa5OIBdtsVkO3UD4OtboJ0O0vZiOznH02x8qlwg9KLUVXuNg==",
      "dependencies": {
        "nlcst-to-string": "^2.0.0",
        "unist-util-modify-children": "^2.0.0",
        "unist-util-visit-children": "^1.0.0"
      },
      "funding": {
        "type": "github",
        "url": "https://github.com/sponsors/wooorm"
      }
    },
    "node_modules/retext": {
      "version": "8.1.0",
      "resolved": "https://registry.npmjs.org/retext/-/retext-8.1.0.tgz",
      "integrity": "sha512-N9/Kq7YTn6ZpzfiGW45WfEGJqFf1IM1q8OsRa1CGzIebCJBNCANDRmOrholiDRGKo/We7ofKR4SEvcGAWEMD3Q==",
      "dependencies": {
        "@types/nlcst": "^1.0.0",
        "retext-latin": "^3.0.0",
        "retext-stringify": "^3.0.0",
        "unified": "^10.0.0"
      },
      "funding": {
        "type": "opencollective",
        "url": "https://opencollective.com/unified"
      }
    },
    "node_modules/retext-latin": {
      "version": "3.1.0",
      "resolved": "https://registry.npmjs.org/retext-latin/-/retext-latin-3.1.0.tgz",
      "integrity": "sha512-5MrD1tuebzO8ppsja5eEu+ZbBeUNCjoEarn70tkXOS7Bdsdf6tNahsv2bY0Z8VooFF6cw7/6S+d3yI/TMlMVVQ==",
      "dependencies": {
        "@types/nlcst": "^1.0.0",
        "parse-latin": "^5.0.0",
        "unherit": "^3.0.0",
        "unified": "^10.0.0"
      },
      "funding": {
        "type": "opencollective",
        "url": "https://opencollective.com/unified"
      }
    },
    "node_modules/retext-stringify": {
      "version": "3.1.0",
      "resolved": "https://registry.npmjs.org/retext-stringify/-/retext-stringify-3.1.0.tgz",
      "integrity": "sha512-767TLOaoXFXyOnjx/EggXlb37ZD2u4P1n0GJqVdpipqACsQP+20W+BNpMYrlJkq7hxffnFk+jc6mAK9qrbuB8w==",
      "dependencies": {
        "@types/nlcst": "^1.0.0",
        "nlcst-to-string": "^3.0.0",
        "unified": "^10.0.0"
      },
      "funding": {
        "type": "opencollective",
        "url": "https://opencollective.com/unified"
      }
    },
    "node_modules/retext-stringify/node_modules/nlcst-to-string": {
      "version": "3.1.0",
      "resolved": "https://registry.npmjs.org/nlcst-to-string/-/nlcst-to-string-3.1.0.tgz",
      "integrity": "sha512-Y8HQWKw/zrHTCnu2zcFBN1dV6vN0NUG7s5fkEj380G8tF3R+vA2KG+tDl2QoHVQCTHGHVXwoni2RQkDSFQb1PA==",
      "dependencies": {
        "@types/nlcst": "^1.0.0"
      },
      "funding": {
        "type": "opencollective",
        "url": "https://opencollective.com/unified"
      }
    },
    "node_modules/string-width": {
      "version": "5.0.1",
      "resolved": "https://registry.npmjs.org/string-width/-/string-width-5.0.1.tgz",
      "integrity": "sha512-5ohWO/M4//8lErlUUtrFy3b11GtNOuMOU0ysKCDXFcfXuuvUXu95akgj/i8ofmaGdN0hCqyl6uu9i8dS/mQp5g==",
      "dependencies": {
        "emoji-regex": "^9.2.2",
        "is-fullwidth-code-point": "^4.0.0",
        "strip-ansi": "^7.0.1"
      },
      "engines": {
        "node": ">=12"
      },
      "funding": {
        "url": "https://github.com/sponsors/sindresorhus"
      }
    },
    "node_modules/strip-ansi": {
      "version": "7.0.1",
      "resolved": "https://registry.npmjs.org/strip-ansi/-/strip-ansi-7.0.1.tgz",
      "integrity": "sha512-cXNxvT8dFNRVfhVME3JAe98mkXDYN2O1l7jmcwMnOslDeESg1rF/OZMtK0nRAhiari1unG5cD4jG3rapUAkLbw==",
      "dependencies": {
        "ansi-regex": "^6.0.1"
      },
      "engines": {
        "node": ">=12"
      },
      "funding": {
        "url": "https://github.com/chalk/strip-ansi?sponsor=1"
      }
    },
    "node_modules/supports-color": {
      "version": "9.0.2",
      "resolved": "https://registry.npmjs.org/supports-color/-/supports-color-9.0.2.tgz",
      "integrity": "sha512-ii6tc8ImGFrgMPYq7RVAMKkhPo9vk8uA+D3oKbJq/3Pk2YSMv1+9dUAesa9UxMbxBTvxwKTQffBahNVNxEvM8Q==",
      "dependencies": {
        "has-flag": "^5.0.0"
      },
      "engines": {
        "node": ">=12"
      },
      "funding": {
        "url": "https://github.com/chalk/supports-color?sponsor=1"
      }
    },
    "node_modules/trough": {
      "version": "2.0.2",
      "resolved": "https://registry.npmjs.org/trough/-/trough-2.0.2.tgz",
      "integrity": "sha512-FnHq5sTMxC0sk957wHDzRnemFnNBvt/gSY99HzK8F7UP5WAbvP70yX5bd7CjEQkN+TjdxwI7g7lJ6podqrG2/w==",
      "funding": {
        "type": "github",
        "url": "https://github.com/sponsors/wooorm"
      }
    },
    "node_modules/unherit": {
      "version": "3.0.0",
      "resolved": "https://registry.npmjs.org/unherit/-/unherit-3.0.0.tgz",
      "integrity": "sha512-UmvIQZGEc9qdLIQ8mv8/61n6PiMgfbOoASPKHpCvII5srShCQSa6jSjBjlZOR4bxt2XnT6uo6csmPKRi+zQ0Jg==",
      "funding": {
        "type": "github",
        "url": "https://github.com/sponsors/wooorm"
      }
    },
    "node_modules/unified": {
      "version": "10.1.0",
      "resolved": "https://registry.npmjs.org/unified/-/unified-10.1.0.tgz",
      "integrity": "sha512-4U3ru/BRXYYhKbwXV6lU6bufLikoAavTwev89H5UxY8enDFaAT2VXmIXYNm6hb5oHPng/EXr77PVyDFcptbk5g==",
      "dependencies": {
        "@types/unist": "^2.0.0",
        "bail": "^2.0.0",
        "extend": "^3.0.0",
        "is-buffer": "^2.0.0",
        "is-plain-obj": "^4.0.0",
        "trough": "^2.0.0",
        "vfile": "^5.0.0"
      },
      "funding": {
        "type": "opencollective",
        "url": "https://opencollective.com/unified"
      }
    },
    "node_modules/unist-util-is": {
      "version": "5.1.1",
      "resolved": "https://registry.npmjs.org/unist-util-is/-/unist-util-is-5.1.1.tgz",
      "integrity": "sha512-F5CZ68eYzuSvJjGhCLPL3cYx45IxkqXSetCcRgUXtbcm50X2L9oOWQlfUfDdAf+6Pd27YDblBfdtmsThXmwpbQ==",
      "funding": {
        "type": "opencollective",
        "url": "https://opencollective.com/unified"
      }
    },
    "node_modules/unist-util-modify-children": {
      "version": "2.0.0",
      "resolved": "https://registry.npmjs.org/unist-util-modify-children/-/unist-util-modify-children-2.0.0.tgz",
      "integrity": "sha512-HGrj7JQo9DwZt8XFsX8UD4gGqOsIlCih9opG6Y+N11XqkBGKzHo8cvDi+MfQQgiZ7zXRUiQREYHhjOBHERTMdg==",
      "dependencies": {
        "array-iterate": "^1.0.0"
      },
      "funding": {
        "type": "opencollective",
        "url": "https://opencollective.com/unified"
      }
    },
    "node_modules/unist-util-stringify-position": {
      "version": "3.0.0",
      "resolved": "https://registry.npmjs.org/unist-util-stringify-position/-/unist-util-stringify-position-3.0.0.tgz",
      "integrity": "sha512-SdfAl8fsDclywZpfMDTVDxA2V7LjtRDTOFd44wUJamgl6OlVngsqWjxvermMYf60elWHbxhuRCZml7AnuXCaSA==",
      "dependencies": {
        "@types/unist": "^2.0.0"
      },
      "funding": {
        "type": "opencollective",
        "url": "https://opencollective.com/unified"
      }
    },
    "node_modules/unist-util-visit": {
      "version": "4.0.0",
      "resolved": "https://registry.npmjs.org/unist-util-visit/-/unist-util-visit-4.0.0.tgz",
      "integrity": "sha512-3HWTvrtU10/E7qgPznBfiOyG0TXj9W8c1GSfaI8L9GkaG1pLePiQPZ7E35a0R3ToQ/zcy4Im6aZ9WBgOTnv1MQ==",
      "dependencies": {
        "@types/unist": "^2.0.0",
        "unist-util-is": "^5.0.0",
        "unist-util-visit-parents": "^5.0.0"
      },
      "funding": {
        "type": "opencollective",
        "url": "https://opencollective.com/unified"
      }
    },
    "node_modules/unist-util-visit-children": {
      "version": "1.1.4",
      "resolved": "https://registry.npmjs.org/unist-util-visit-children/-/unist-util-visit-children-1.1.4.tgz",
      "integrity": "sha512-sA/nXwYRCQVRwZU2/tQWUqJ9JSFM1X3x7JIOsIgSzrFHcfVt6NkzDtKzyxg2cZWkCwGF9CO8x4QNZRJRMK8FeQ==",
      "funding": {
        "type": "opencollective",
        "url": "https://opencollective.com/unified"
      }
    },
    "node_modules/unist-util-visit-parents": {
      "version": "5.0.0",
      "resolved": "https://registry.npmjs.org/unist-util-visit-parents/-/unist-util-visit-parents-5.0.0.tgz",
      "integrity": "sha512-CVaLOYPM/EaFTYMytbaju3Tw4QI3DHnHFnL358FkEu0hZOzSm/hqBdVwOQDR60jF5ZzhB1tlZlRH0ll/yekZIQ==",
      "dependencies": {
        "@types/unist": "^2.0.0",
        "unist-util-is": "^5.0.0"
      },
      "funding": {
        "type": "opencollective",
        "url": "https://opencollective.com/unified"
      }
    },
    "node_modules/vfile": {
      "version": "5.1.0",
      "resolved": "https://registry.npmjs.org/vfile/-/vfile-5.1.0.tgz",
      "integrity": "sha512-4o7/DJjEaFPYSh0ckv5kcYkJTHQgCKdL8ozMM1jLAxO9ox95IzveDPXCZp08HamdWq8JXTkClDvfAKaeLQeKtg==",
      "dependencies": {
        "@types/unist": "^2.0.0",
        "is-buffer": "^2.0.0",
        "unist-util-stringify-position": "^3.0.0",
        "vfile-message": "^3.0.0"
      },
      "funding": {
        "type": "opencollective",
        "url": "https://opencollective.com/unified"
      }
    },
    "node_modules/vfile-message": {
      "version": "3.0.2",
      "resolved": "https://registry.npmjs.org/vfile-message/-/vfile-message-3.0.2.tgz",
      "integrity": "sha512-UUjZYIOg9lDRwwiBAuezLIsu9KlXntdxwG+nXnjuQAHvBpcX3x0eN8h+I7TkY5nkCXj+cWVp4ZqebtGBvok8ww==",
      "dependencies": {
        "@types/unist": "^2.0.0",
        "unist-util-stringify-position": "^3.0.0"
      },
      "funding": {
        "type": "opencollective",
        "url": "https://opencollective.com/unified"
      }
    },
    "node_modules/vfile-reporter": {
      "version": "7.0.2",
      "resolved": "https://registry.npmjs.org/vfile-reporter/-/vfile-reporter-7.0.2.tgz",
      "integrity": "sha512-1bYxpyhl8vhAICiKR59vYyZHIOWsF7P1nV6xjaz3ZWAyOQDQhR4DjlOZo14+PiV9oLEWIrolvGHs0/2Bnaw5Vw==",
      "dependencies": {
        "@types/supports-color": "^8.0.0",
        "string-width": "^5.0.0",
        "supports-color": "^9.0.0",
        "unist-util-stringify-position": "^3.0.0",
        "vfile-sort": "^3.0.0",
        "vfile-statistics": "^2.0.0"
      },
      "funding": {
        "type": "opencollective",
        "url": "https://opencollective.com/unified"
      }
    },
    "node_modules/vfile-sort": {
      "version": "3.0.0",
      "resolved": "https://registry.npmjs.org/vfile-sort/-/vfile-sort-3.0.0.tgz",
      "integrity": "sha512-fJNctnuMi3l4ikTVcKpxTbzHeCgvDhnI44amA3NVDvA6rTC6oKCFpCVyT5n2fFMr3ebfr+WVQZedOCd73rzSxg==",
      "dependencies": {
        "vfile-message": "^3.0.0"
      },
      "funding": {
        "type": "opencollective",
        "url": "https://opencollective.com/unified"
      }
    },
    "node_modules/vfile-statistics": {
      "version": "2.0.0",
      "resolved": "https://registry.npmjs.org/vfile-statistics/-/vfile-statistics-2.0.0.tgz",
      "integrity": "sha512-foOWtcnJhKN9M2+20AOTlWi2dxNfAoeNIoxD5GXcO182UJyId4QrXa41fWrgcfV3FWTjdEDy3I4cpLVcQscIMA==",
      "dependencies": {
        "vfile-message": "^3.0.0"
      },
      "funding": {
        "type": "opencollective",
        "url": "https://opencollective.com/unified"
      }
    }
  },
  "dependencies": {
    "@types/nlcst": {
      "version": "1.0.0",
      "resolved": "https://registry.npmjs.org/@types/nlcst/-/nlcst-1.0.0.tgz",
      "integrity": "sha512-3TGCfOcy8R8mMQ4CNSNOe3PG66HttvjcLzCoOpvXvDtfWOTi+uT/rxeOKm/qEwbM4SNe1O/PjdiBK2YcTjU4OQ==",
      "requires": {
        "@types/unist": "*"
      }
    },
    "@types/supports-color": {
      "version": "8.1.1",
      "resolved": "https://registry.npmjs.org/@types/supports-color/-/supports-color-8.1.1.tgz",
      "integrity": "sha512-dPWnWsf+kzIG140B8z2w3fr5D03TLWbOAFQl45xUpI3vcizeXriNR5VYkWZ+WTMsUHqZ9Xlt3hrxGNANFyNQfw=="
    },
    "@types/unist": {
      "version": "2.0.6",
      "resolved": "https://registry.npmjs.org/@types/unist/-/unist-2.0.6.tgz",
      "integrity": "sha512-PBjIUxZHOuj0R15/xuwJYjFi+KZdNFrehocChv4g5hu6aFroHue8m0lBP0POdK2nKzbw0cgV1mws8+V/JAcEkQ=="
    },
    "ansi-regex": {
      "version": "6.0.1",
      "resolved": "https://registry.npmjs.org/ansi-regex/-/ansi-regex-6.0.1.tgz",
      "integrity": "sha512-n5M855fKb2SsfMIiFFoVrABHJC8QtHwVx+mHWP3QcEqBHYienj5dHSgjbxtC0WEZXYt4wcD6zrQElDPhFuZgfA=="
    },
    "array-iterate": {
      "version": "1.1.4",
      "resolved": "https://registry.npmjs.org/array-iterate/-/array-iterate-1.1.4.tgz",
      "integrity": "sha512-sNRaPGh9nnmdC8Zf+pT3UqP8rnWj5Hf9wiFGsX3wUQ2yVSIhO2ShFwCoceIPpB41QF6i2OEmrHmCo36xronCVA=="
    },
    "bail": {
      "version": "2.0.1",
      "resolved": "https://registry.npmjs.org/bail/-/bail-2.0.1.tgz",
      "integrity": "sha512-d5FoTAr2S5DSUPKl85WNm2yUwsINN8eidIdIwsOge2t33DaOfOdSmmsI11jMN3GmALCXaw+Y6HMVHDzePshFAA=="
    },
    "emoji-regex": {
      "version": "9.2.2",
      "resolved": "https://registry.npmjs.org/emoji-regex/-/emoji-regex-9.2.2.tgz",
      "integrity": "sha512-L18DaJsXSUk2+42pv8mLs5jJT2hqFkFE4j21wOmgbUqsZ2hL72NsUU785g9RXgo3s0ZNgVl42TiHp3ZtOv/Vyg=="
    },
    "extend": {
      "version": "3.0.2",
      "resolved": "https://registry.npmjs.org/extend/-/extend-3.0.2.tgz",
      "integrity": "sha512-fjquC59cD7CyW6urNXK0FBufkZcoiGG80wTuPujX590cB5Ttln20E2UB4S/WARVqhXffZl2LNgS+gQdPIIim/g=="
    },
    "fs": {
      "version": "0.0.1-security",
      "resolved": "https://registry.npmjs.org/fs/-/fs-0.0.1-security.tgz",
      "integrity": "sha1-invTcYa23d84E/I4WLV+yq9eQdQ="
    },
    "has-flag": {
      "version": "5.0.1",
      "resolved": "https://registry.npmjs.org/has-flag/-/has-flag-5.0.1.tgz",
      "integrity": "sha512-CsNUt5x9LUdx6hnk/E2SZLsDyvfqANZSUq4+D3D8RzDJ2M+HDTIkF60ibS1vHaK55vzgiZw1bEPFG9yH7l33wA=="
    },
    "is-buffer": {
      "version": "2.0.5",
      "resolved": "https://registry.npmjs.org/is-buffer/-/is-buffer-2.0.5.tgz",
      "integrity": "sha512-i2R6zNFDwgEHJyQUtJEk0XFi1i0dPFn/oqjK3/vPCcDeJvW5NQ83V8QbicfF1SupOaB0h8ntgBC2YiE7dfyctQ=="
    },
    "is-fullwidth-code-point": {
      "version": "4.0.0",
      "resolved": "https://registry.npmjs.org/is-fullwidth-code-point/-/is-fullwidth-code-point-4.0.0.tgz",
      "integrity": "sha512-O4L094N2/dZ7xqVdrXhh9r1KODPJpFms8B5sGdJLPy664AgvXsreZUyCQQNItZRDlYug4xStLjNp/sz3HvBowQ=="
    },
    "is-plain-obj": {
      "version": "4.0.0",
      "resolved": "https://registry.npmjs.org/is-plain-obj/-/is-plain-obj-4.0.0.tgz",
      "integrity": "sha512-NXRbBtUdBioI73y/HmOhogw/U5msYPC9DAtGkJXeFcFWSFZw0mCUsPxk/snTuJHzNKA8kLBK4rH97RMB1BfCXw=="
    },
    "nlcst-to-string": {
      "version": "2.0.4",
      "resolved": "https://registry.npmjs.org/nlcst-to-string/-/nlcst-to-string-2.0.4.tgz",
      "integrity": "sha512-3x3jwTd6UPG7vi5k4GEzvxJ5rDA7hVUIRNHPblKuMVP9Z3xmlsd9cgLcpAMkc5uPOBna82EeshROFhsPkbnTZg=="
    },
    "parse-latin": {
      "version": "5.0.0",
      "resolved": "https://registry.npmjs.org/parse-latin/-/parse-latin-5.0.0.tgz",
      "integrity": "sha512-Ht+4/+AUySMS5HKGAiQpBmkFsHSoGrj6Y83flLCa5OIBdtsVkO3UD4OtboJ0O0vZiOznH02x8qlwg9KLUVXuNg==",
      "requires": {
        "nlcst-to-string": "^2.0.0",
        "unist-util-modify-children": "^2.0.0",
        "unist-util-visit-children": "^1.0.0"
      }
    },
    "retext": {
      "version": "8.1.0",
      "resolved": "https://registry.npmjs.org/retext/-/retext-8.1.0.tgz",
      "integrity": "sha512-N9/Kq7YTn6ZpzfiGW45WfEGJqFf1IM1q8OsRa1CGzIebCJBNCANDRmOrholiDRGKo/We7ofKR4SEvcGAWEMD3Q==",
      "requires": {
        "@types/nlcst": "^1.0.0",
        "retext-latin": "^3.0.0",
        "retext-stringify": "^3.0.0",
        "unified": "^10.0.0"
      }
    },
    "retext-latin": {
      "version": "3.1.0",
      "resolved": "https://registry.npmjs.org/retext-latin/-/retext-latin-3.1.0.tgz",
      "integrity": "sha512-5MrD1tuebzO8ppsja5eEu+ZbBeUNCjoEarn70tkXOS7Bdsdf6tNahsv2bY0Z8VooFF6cw7/6S+d3yI/TMlMVVQ==",
      "requires": {
        "@types/nlcst": "^1.0.0",
        "parse-latin": "^5.0.0",
        "unherit": "^3.0.0",
        "unified": "^10.0.0"
      }
    },
    "retext-stringify": {
      "version": "3.1.0",
      "resolved": "https://registry.npmjs.org/retext-stringify/-/retext-stringify-3.1.0.tgz",
      "integrity": "sha512-767TLOaoXFXyOnjx/EggXlb37ZD2u4P1n0GJqVdpipqACsQP+20W+BNpMYrlJkq7hxffnFk+jc6mAK9qrbuB8w==",
      "requires": {
        "@types/nlcst": "^1.0.0",
        "nlcst-to-string": "^3.0.0",
        "unified": "^10.0.0"
      },
      "dependencies": {
        "nlcst-to-string": {
          "version": "3.1.0",
          "resolved": "https://registry.npmjs.org/nlcst-to-string/-/nlcst-to-string-3.1.0.tgz",
          "integrity": "sha512-Y8HQWKw/zrHTCnu2zcFBN1dV6vN0NUG7s5fkEj380G8tF3R+vA2KG+tDl2QoHVQCTHGHVXwoni2RQkDSFQb1PA==",
          "requires": {
            "@types/nlcst": "^1.0.0"
          }
        }
      }
    },
    "string-width": {
      "version": "5.0.1",
      "resolved": "https://registry.npmjs.org/string-width/-/string-width-5.0.1.tgz",
      "integrity": "sha512-5ohWO/M4//8lErlUUtrFy3b11GtNOuMOU0ysKCDXFcfXuuvUXu95akgj/i8ofmaGdN0hCqyl6uu9i8dS/mQp5g==",
      "requires": {
        "emoji-regex": "^9.2.2",
        "is-fullwidth-code-point": "^4.0.0",
        "strip-ansi": "^7.0.1"
      }
    },
    "strip-ansi": {
      "version": "7.0.1",
      "resolved": "https://registry.npmjs.org/strip-ansi/-/strip-ansi-7.0.1.tgz",
      "integrity": "sha512-cXNxvT8dFNRVfhVME3JAe98mkXDYN2O1l7jmcwMnOslDeESg1rF/OZMtK0nRAhiari1unG5cD4jG3rapUAkLbw==",
      "requires": {
        "ansi-regex": "^6.0.1"
      }
    },
    "supports-color": {
      "version": "9.0.2",
      "resolved": "https://registry.npmjs.org/supports-color/-/supports-color-9.0.2.tgz",
      "integrity": "sha512-ii6tc8ImGFrgMPYq7RVAMKkhPo9vk8uA+D3oKbJq/3Pk2YSMv1+9dUAesa9UxMbxBTvxwKTQffBahNVNxEvM8Q==",
      "requires": {
        "has-flag": "^5.0.0"
      }
    },
    "trough": {
      "version": "2.0.2",
      "resolved": "https://registry.npmjs.org/trough/-/trough-2.0.2.tgz",
      "integrity": "sha512-FnHq5sTMxC0sk957wHDzRnemFnNBvt/gSY99HzK8F7UP5WAbvP70yX5bd7CjEQkN+TjdxwI7g7lJ6podqrG2/w=="
    },
    "unherit": {
      "version": "3.0.0",
      "resolved": "https://registry.npmjs.org/unherit/-/unherit-3.0.0.tgz",
      "integrity": "sha512-UmvIQZGEc9qdLIQ8mv8/61n6PiMgfbOoASPKHpCvII5srShCQSa6jSjBjlZOR4bxt2XnT6uo6csmPKRi+zQ0Jg=="
    },
    "unified": {
      "version": "10.1.0",
      "resolved": "https://registry.npmjs.org/unified/-/unified-10.1.0.tgz",
      "integrity": "sha512-4U3ru/BRXYYhKbwXV6lU6bufLikoAavTwev89H5UxY8enDFaAT2VXmIXYNm6hb5oHPng/EXr77PVyDFcptbk5g==",
      "requires": {
        "@types/unist": "^2.0.0",
        "bail": "^2.0.0",
        "extend": "^3.0.0",
        "is-buffer": "^2.0.0",
        "is-plain-obj": "^4.0.0",
        "trough": "^2.0.0",
        "vfile": "^5.0.0"
      }
    },
    "unist-util-is": {
      "version": "5.1.1",
      "resolved": "https://registry.npmjs.org/unist-util-is/-/unist-util-is-5.1.1.tgz",
      "integrity": "sha512-F5CZ68eYzuSvJjGhCLPL3cYx45IxkqXSetCcRgUXtbcm50X2L9oOWQlfUfDdAf+6Pd27YDblBfdtmsThXmwpbQ=="
    },
    "unist-util-modify-children": {
      "version": "2.0.0",
      "resolved": "https://registry.npmjs.org/unist-util-modify-children/-/unist-util-modify-children-2.0.0.tgz",
      "integrity": "sha512-HGrj7JQo9DwZt8XFsX8UD4gGqOsIlCih9opG6Y+N11XqkBGKzHo8cvDi+MfQQgiZ7zXRUiQREYHhjOBHERTMdg==",
      "requires": {
        "array-iterate": "^1.0.0"
      }
    },
    "unist-util-stringify-position": {
      "version": "3.0.0",
      "resolved": "https://registry.npmjs.org/unist-util-stringify-position/-/unist-util-stringify-position-3.0.0.tgz",
      "integrity": "sha512-SdfAl8fsDclywZpfMDTVDxA2V7LjtRDTOFd44wUJamgl6OlVngsqWjxvermMYf60elWHbxhuRCZml7AnuXCaSA==",
      "requires": {
        "@types/unist": "^2.0.0"
      }
    },
    "unist-util-visit": {
      "version": "4.0.0",
      "resolved": "https://registry.npmjs.org/unist-util-visit/-/unist-util-visit-4.0.0.tgz",
      "integrity": "sha512-3HWTvrtU10/E7qgPznBfiOyG0TXj9W8c1GSfaI8L9GkaG1pLePiQPZ7E35a0R3ToQ/zcy4Im6aZ9WBgOTnv1MQ==",
      "requires": {
        "@types/unist": "^2.0.0",
        "unist-util-is": "^5.0.0",
        "unist-util-visit-parents": "^5.0.0"
      }
    },
    "unist-util-visit-children": {
      "version": "1.1.4",
      "resolved": "https://registry.npmjs.org/unist-util-visit-children/-/unist-util-visit-children-1.1.4.tgz",
      "integrity": "sha512-sA/nXwYRCQVRwZU2/tQWUqJ9JSFM1X3x7JIOsIgSzrFHcfVt6NkzDtKzyxg2cZWkCwGF9CO8x4QNZRJRMK8FeQ=="
    },
    "unist-util-visit-parents": {
      "version": "5.0.0",
      "resolved": "https://registry.npmjs.org/unist-util-visit-parents/-/unist-util-visit-parents-5.0.0.tgz",
      "integrity": "sha512-CVaLOYPM/EaFTYMytbaju3Tw4QI3DHnHFnL358FkEu0hZOzSm/hqBdVwOQDR60jF5ZzhB1tlZlRH0ll/yekZIQ==",
      "requires": {
        "@types/unist": "^2.0.0",
        "unist-util-is": "^5.0.0"
      }
    },
    "vfile": {
      "version": "5.1.0",
      "resolved": "https://registry.npmjs.org/vfile/-/vfile-5.1.0.tgz",
      "integrity": "sha512-4o7/DJjEaFPYSh0ckv5kcYkJTHQgCKdL8ozMM1jLAxO9ox95IzveDPXCZp08HamdWq8JXTkClDvfAKaeLQeKtg==",
      "requires": {
        "@types/unist": "^2.0.0",
        "is-buffer": "^2.0.0",
        "unist-util-stringify-position": "^3.0.0",
        "vfile-message": "^3.0.0"
      }
    },
    "vfile-message": {
      "version": "3.0.2",
      "resolved": "https://registry.npmjs.org/vfile-message/-/vfile-message-3.0.2.tgz",
      "integrity": "sha512-UUjZYIOg9lDRwwiBAuezLIsu9KlXntdxwG+nXnjuQAHvBpcX3x0eN8h+I7TkY5nkCXj+cWVp4ZqebtGBvok8ww==",
      "requires": {
        "@types/unist": "^2.0.0",
        "unist-util-stringify-position": "^3.0.0"
      }
    },
    "vfile-reporter": {
      "version": "7.0.2",
      "resolved": "https://registry.npmjs.org/vfile-reporter/-/vfile-reporter-7.0.2.tgz",
      "integrity": "sha512-1bYxpyhl8vhAICiKR59vYyZHIOWsF7P1nV6xjaz3ZWAyOQDQhR4DjlOZo14+PiV9oLEWIrolvGHs0/2Bnaw5Vw==",
      "requires": {
        "@types/supports-color": "^8.0.0",
        "string-width": "^5.0.0",
        "supports-color": "^9.0.0",
        "unist-util-stringify-position": "^3.0.0",
        "vfile-sort": "^3.0.0",
        "vfile-statistics": "^2.0.0"
      }
    },
    "vfile-sort": {
      "version": "3.0.0",
      "resolved": "https://registry.npmjs.org/vfile-sort/-/vfile-sort-3.0.0.tgz",
      "integrity": "sha512-fJNctnuMi3l4ikTVcKpxTbzHeCgvDhnI44amA3NVDvA6rTC6oKCFpCVyT5n2fFMr3ebfr+WVQZedOCd73rzSxg==",
      "requires": {
        "vfile-message": "^3.0.0"
      }
    },
    "vfile-statistics": {
      "version": "2.0.0",
      "resolved": "https://registry.npmjs.org/vfile-statistics/-/vfile-statistics-2.0.0.tgz",
      "integrity": "sha512-foOWtcnJhKN9M2+20AOTlWi2dxNfAoeNIoxD5GXcO182UJyId4QrXa41fWrgcfV3FWTjdEDy3I4cpLVcQscIMA==",
      "requires": {
        "vfile-message": "^3.0.0"
      }
    }
  }
}
